%{
  "a11y_audit": {:hex, :a11y_audit, "0.3.4", "fdf1951c9e80fcb6cdf28c82cfcc3a7a8d373353ff2e31b9879ff98a5f58e86a", [:mix], [{:hound, "~> 1.1", [hex: :hound, repo: "hexpm", optional: true]}, {:wallaby, "~> 0.30", [hex: :wallaby, repo: "hexpm", optional: true]}], "hexpm", "9d7380bf1c424140118dccc1e8bcf2f9531300cdde47753e2fc44be38847a58d"},
  "bandit": {:hex, :bandit, "1.12.5", "af205a8e550f304caae09a97d29fd3c79a7f337526ea7cd772d2ff11d2f7c800", [:mix], [{:hpax, "~> 1.0", [hex: :hpax, repo: "hexpm", optional: false]}, {:plug, "~> 1.18", [hex: :plug, repo: "hexpm", optional: false]}, {:telemetry, "~> 0.4 or ~> 1.0", [hex: :telemetry, repo: "hexpm", optional: false]}, {:thousand_island, "~> 1.5", [hex: :thousand_island, repo: "hexpm", optional: false]}, {:websock, "~> 0.5", [hex: :websock, repo: "hexpm", optional: false]}], "hexpm", "c5684ca062fa407cac115aec3256383f3e2ec9fdced7904d59cf5a7bb7ed6181"},
  "bunt": {:hex, :bunt, "1.0.0", "081c2c665f086849e6d57900292b3a161727ab40431219529f13c4ddcf3e7a44", [:mix], [], "hexpm", "dc5f86aa08a5f6fa6b8096f0735c4e76d54ae5c9fa2c143e5a1fc7c1cd9bb6b5"},
  "castore": {:hex, :castore, "1.0.18", "5e43ef0ec7d31195dfa5a65a86e6131db999d074179d2ba5a8de11fe14570f55", [:mix], [], "hexpm", "f393e4fe6317829b158fb74d86eb681f737d2fe326aa61ccf6293c4104957e34"},
  "certifi": {:hex, :certifi, "2.17.0", "835748414307e15e05b17d0e518190228ce648b08d569a5cc93a85a40f3e5c9b", [:rebar3], [], "hexpm", "8122798a17f0293c80daada25d0f81c7f4d708c73fef782c7c9b1950e26e4d21"},
  "color": {:hex, :color, "0.13.0", "068110e5397ac5d3c9f97658282e0f4ab9a32468be6d7a2a91a8804e67b228d7", [:mix], [{:bandit, "~> 1.5", [hex: :bandit, repo: "hexpm", optional: true]}, {:plug, "~> 1.15", [hex: :plug, repo: "hexpm", optional: true]}], "hexpm", "de127946869931d418bac2d82dc29feae1a8f5f729f135922fbccf0059a58ab2"},
  "corex": {:hex, :corex, "0.2.1", "44ec61b8b183ae5395075f513fc0a38e7a7a3b7101037fbaef42fcc118270a5e", [:mix], [{:gettext, "~> 1.0", [hex: :gettext, repo: "hexpm", optional: false]}, {:phoenix, "~> 1.8.1", [hex: :phoenix, repo: "hexpm", optional: false]}, {:phoenix_live_view, "~> 1.1", [hex: :phoenix_live_view, repo: "hexpm", optional: false]}], "hexpm", "b5ef5ef9a9bfd1a905140cfb06caf3f3032f8ee4c59becf17823f3ca210f3de5"},
  "corex_design": {:hex, :corex_design, "0.2.1", "b20a0d01c3deea5163b057668b1e1e31f810963c36acd907b6102e322c9c074b", [:mix], [{:color, "~> 0.11", [hex: :color, repo: "hexpm", optional: false]}, {:nimble_options, "~> 1.1", [hex: :nimble_options, repo: "hexpm", optional: false]}], "hexpm", "b02a9ba8e26cf1b33bcff3cb1166b34173531fe81d5a66fbb7cbe526fa0383ec"},
  "corex_mcp": {:hex, :corex_mcp, "0.2.1", "ed5fdcf29936b68afbc51aa1add65ec12d8952361983fa6fe50a2181938ac3e3", [:mix], [{:plug, "~> 1.14", [hex: :plug, repo: "hexpm", optional: false]}], "hexpm", "dd2a0de9da112281452a14a29c359c79f26df26b4d5b76c0c0e8cfb221a388f9"},
  "credo": {:hex, :credo, "1.7.19", "cc52129665fc7c15143d47838fda0f9cd6dac9ceced7bf4da6f85fcbfe64b12a", [:mix], [{:bunt, "~> 0.2.1 or ~> 1.0", [hex: :bunt, repo: "hexpm", optional: false]}, {:file_system, "~> 0.2 or ~> 1.0", [hex: :file_system, repo: "hexpm", optional: false]}, {:jason, "~> 1.0", [hex: :jason, repo: "hexpm", optional: false]}], "hexpm", "2d8bc95d5a7bb99dd2613621d4f08c6a3575c3fd4b62e6a2b48a100352a557b8"},
  "date_time_parser": {:hex, :date_time_parser, "1.3.0", "6ba16850b5ab83dd126576451023ab65349e29af2336ca5084aa1e37025b476e", [:mix], [{:kday, "~> 1.0", [hex: :kday, repo: "hexpm", optional: false]}], "hexpm", "93c8203a8ddc66b1f1531fc0e046329bf0b250c75ffa09567ef03d2c09218e8c"},
  "esbuild": {:hex, :esbuild, "0.10.0", "b0aa3388a1c23e727c5a3e7427c932d89ee791746b0081bbe56103e9ef3d291f", [:mix], [{:jason, "~> 1.4", [hex: :jason, repo: "hexpm", optional: false]}], "hexpm", "468489cda427b974a7cc9f03ace55368a83e1a7be12fba7e30969af78e5f8c70"},
  "ex_ast": {:hex, :ex_ast, "0.13.1", "b3d80ec163733176f63662ac44d2511445c224f6b5e4e3ce01f5eff83c4a5993", [:mix], [{:jason, "~> 1.4", [hex: :jason, repo: "hexpm", optional: false]}, {:sourceror, "~> 1.7", [hex: :sourceror, repo: "hexpm", optional: false]}], "hexpm", "bd15f68cde5ec945b859bd67416f26cf5499f1aef9b067eb2163ed244c7e703a"},
  "ex_slop": {:hex, :ex_slop, "0.4.4", "8ca277b902e93193eb3545e414c309026a51204e5eb7d6ada5ff96555de6abcb", [:mix], [{:credo, "~> 1.7", [hex: :credo, repo: "hexpm", optional: false]}], "hexpm", "03ef1b2553ebad45c8ceb3e482eed5f1ccd08fc992215a9da0ef6196935107e2"},
  "expo": {:hex, :expo, "1.1.1", "4202e1d2ca6e2b3b63e02f69cfe0a404f77702b041d02b58597c00992b601db5", [:mix], [], "hexpm", "5fb308b9cb359ae200b7e23d37c76978673aa1b06e2b3075d814ce12c5811640"},
  "file_system": {:hex, :file_system, "1.1.1", "31864f4685b0148f25bd3fbef2b1228457c0c89024ad67f7a81a3ffbc0bbad3a", [:mix], [], "hexpm", "7a15ff97dfe526aeefb090a7a9d3d03aa907e100e262a0f8f7746b78f8f87a5d"},
  "finch": {:hex, :finch, "0.23.0", "e3f9287ac25a8832f848b144c2b57346aac65b205e2e0629a52adfe6507fd837", [:mix], [{:mime, "~> 1.0 or ~> 2.0", [hex: :mime, repo: "hexpm", optional: false]}, {:mint, "~> 1.8", [hex: :mint, repo: "hexpm", optional: false]}, {:nimble_options, "~> 0.4 or ~> 1.0", [hex: :nimble_options, repo: "hexpm", optional: false]}, {:nimble_pool, "~> 1.1", [hex: :nimble_pool, repo: "hexpm", optional: false]}, {:telemetry, "~> 0.4 or ~> 1.0", [hex: :telemetry, repo: "hexpm", optional: false]}], "hexpm", "80e58d3f936f57e3fdf404f83a3642897ae6d9fb642934e46da4d8fe761b99d5"},
  "floki": {:hex, :floki, "0.38.4", "10f98971e892aed2c2f1b3a0f928e488e3797e1c6dd3dfd98db40b14e9a78bcf", [:mix], [], "hexpm", "bdb34645eee8e79845c7edaca2d4099a52804ee4d4a3ecc683a69451f0244973"},
  "gettext": {:hex, :gettext, "1.0.2", "5457e1fd3f4abe47b0e13ff85086aabae760497a3497909b8473e0acee57673b", [:mix], [{:expo, "~> 0.5.1 or ~> 1.0", [hex: :expo, repo: "hexpm", optional: false]}], "hexpm", "eab805501886802071ad290714515c8c4a17196ea76e5afc9d06ca85fb1bfeb3"},
  "glob_ex": {:hex, :glob_ex, "0.1.12", "7b2d9369c20e2697efcfd185d13d6e84c94cd3bfd2730fbde613141c2e015c00", [:mix], [], "hexpm", "2e2fac83f113514434c7eaf267b4c38af2f91766f1cab2c5db7053b7fc1ee0bb"},
  "h2": {:hex, :h2, "0.10.4", "31ef580056e19977b6542eea2718aa19a45841205cd82cd48535dd7683caea4c", [:rebar3], [], "hexpm", "8350920ac7c259fb759a2830d3ce0dd248c48422a031d1760bebdd2020fa30a9"},
  "hackney": {:hex, :hackney, "4.6.0", "5e7e4d571b06a764ecfa89174b6ad482cf2eb221adf6b79c041965efee8f397a", [:rebar3], [{:certifi, "~> 2.17.0", [hex: :certifi, repo: "hexpm", optional: false]}, {:h2, "~> 0.10.4", [hex: :h2, repo: "hexpm", optional: false]}, {:idna, "~> 7.1.0", [hex: :idna, repo: "hexpm", optional: false]}, {:mimerl, "~> 1.4", [hex: :mimerl, repo: "hexpm", optional: false]}, {:parse_trans, "3.4.2", [hex: :parse_trans, repo: "hexpm", optional: false]}, {:quic, "~> 1.7.0", [hex: :quic, repo: "hexpm", optional: false]}, {:ssl_verify_fun, "~> 1.1.0", [hex: :ssl_verify_fun, repo: "hexpm", optional: false]}, {:webtransport, "~> 0.4.3", [hex: :webtransport, repo: "hexpm", optional: false]}], "hexpm", "cd103f9817048ccbff9eafff3708293beefecc29ab4e481c766ac502de5118b9"},
  "heroicons": {:git, "https://github.com/tailwindlabs/heroicons.git", "0435d4ca364a608cc75e2f8683d374e55abbae26", [tag: "v2.2.0", sparse: "optimized", depth: 1]},
  "hpax": {:hex, :hpax, "1.0.4", "777de5d433b0fbdc7c418159c8055910faa8047ffdb3d6b31098d2a46cd7685c", [:mix], [], "hexpm", "afc7cb142ebcc2d01ce7816190b98ce5dd49e799111b24249f3443d730f377ca"},
  "html_entities": {:hex, :html_entities, "0.5.2", "9e47e70598da7de2a9ff6af8758399251db6dbb7eebe2b013f2bbd2515895c3c", [:mix], [], "hexpm", "c53ba390403485615623b9531e97696f076ed415e8d8058b1dbaa28181f4fdcc"},
  "httpoison": {:hex, :httpoison, "3.0.0", "8566a933bb9175236d1ec335978445b67cd1f5b5d3ead6ca4b80be469d41f5d9", [:mix], [{:hackney, "~> 4.0", [hex: :hackney, repo: "hexpm", optional: false]}], "hexpm", "9130197b7658901c493d6fcfb842fb9676300fa8a6c8ed058c8889cf1a77f3c2"},
  "idna": {:hex, :idna, "7.1.0", "1067a13043538129602d2f2ce6899d8713125c7d19734aa557ce2e3ea55bd4f1", [:rebar3], [], "hexpm", "6ae959a025bf36df61a8cab8508d9654891b5426a84c44d82deaffd6ddf8c71f"},
  "igniter": {:hex, :igniter, "0.8.3", "9de74d3885efae43b0b58dc6f7b816963c4bbd391e6b6fe6922ee21c4e384c76", [:mix], [{:ex_ast, "~> 0.5", [hex: :ex_ast, repo: "hexpm", optional: false]}, {:glob_ex, "~> 0.1.7", [hex: :glob_ex, repo: "hexpm", optional: false]}, {:jason, "~> 1.4.5", [hex: :jason, repo: "hexpm", optional: false]}, {:owl, "~> 0.11", [hex: :owl, repo: "hexpm", optional: false]}, {:phx_new, "~> 1.7", [hex: :phx_new, repo: "hexpm", optional: true]}, {:req, "~> 0.5", [hex: :req, repo: "hexpm", optional: false]}, {:rewrite, ">= 1.1.1 and < 2.0.0-0", [hex: :rewrite, repo: "hexpm", optional: false]}, {:sourceror, "~> 1.4", [hex: :sourceror, repo: "hexpm", optional: false]}, {:spitfire, ">= 0.1.3 and < 1.0.0-0", [hex: :spitfire, repo: "hexpm", optional: false]}], "hexpm", "afc5e3848d885e680da5c3b65e5e7717555a08cd12305190ff2be76427af39ff"},
  "jason": {:hex, :jason, "1.4.5", "2e3a008590b0b8d7388c20293e9dcc9cf3e5d642fd2a114e4cbbb52e595d940a", [:mix], [{:decimal, "~> 1.0 or ~> 2.0 or ~> 3.0", [hex: :decimal, repo: "hexpm", optional: true]}], "hexpm", "b0c823996102bcd0239b3c2444eb00409b72f6a140c1950bc8b457d836b30684"},
  "kday": {:hex, :kday, "1.1.0", "64efac85279a12283eaaf3ad6f13001ca2dff943eda8c53288179775a8c057a0", [:mix], [{:ex_doc, "~> 0.21", [hex: :ex_doc, repo: "hexpm", optional: true]}], "hexpm", "69703055d63b8d5b260479266c78b0b3e66f7aecdd2022906cd9bf09892a266d"},
  "libgraph": {:hex, :libgraph, "0.16.0", "3936f3eca6ef826e08880230f806bfea13193e49bf153f93edcf0239d4fd1d07", [:mix], [], "hexpm", "41ca92240e8a4138c30a7e06466acc709b0cbb795c643e9e17174a178982d6bf"},
  "lumis": {:hex, :lumis, "0.6.3", "a14ea311298e45f31f3dff17d3b41b9717c0757ce1aa5275e190e46aa95ea04d", [:mix], [{:nimble_options, "~> 1.0", [hex: :nimble_options, repo: "hexpm", optional: false]}, {:rustler, "~> 0.29", [hex: :rustler, repo: "hexpm", optional: true]}, {:rustler_precompiled, "~> 0.6", [hex: :rustler_precompiled, repo: "hexpm", optional: false]}], "hexpm", "c0b3dd853f5d44a604202a732fe8c4d0575c4cca263d4e2b4a6f7794d00fab6e"},
  "makeup": {:hex, :makeup, "1.2.2", "882d46dc0905e9ff7abf2aab61a7e6b3dcc555533977d8a23b06019e6c89ac94", [:mix], [{:nimble_parsec, "~> 1.4", [hex: :nimble_parsec, repo: "hexpm", optional: false]}], "hexpm", "9a1a24e5b343b8ae16abea0822c10a6f75da27af7fa802ada5251f7579bfccfa"},
  "makeup_css": {:hex, :makeup_css, "0.2.3", "abbe801a520b88a0430684293f98745a7b082fb47c3902c61ec277a0fb7b79d7", [:mix], [{:makeup, "~> 1.1", [hex: :makeup, repo: "hexpm", optional: false]}], "hexpm", "656afcd4e96468311ac9b34ce4c91bb8521a48203afa33982d5f21edc012e79a"},
  "makeup_eex": {:hex, :makeup_eex, "2.0.2", "88983b72aadb2e8408b06f7c9413804ce7eae2ca2a5a35cb738c6a9cb393c155", [:mix], [{:makeup, "~> 1.2.1 or ~> 1.3", [hex: :makeup, repo: "hexpm", optional: false]}, {:makeup_elixir, "~> 1.0", [hex: :makeup_elixir, repo: "hexpm", optional: false]}, {:makeup_html, "~> 0.2.0 or ~> 1.0", [hex: :makeup_html, repo: "hexpm", optional: true]}, {:nimble_parsec, "~> 1.2", [hex: :nimble_parsec, repo: "hexpm", optional: false]}], "hexpm", "30ac121dda580298ff3378324ffaec94aad5a5b67e0cc6af177c67d5f45629b9"},
  "makeup_elixir": {:hex, :makeup_elixir, "1.0.1", "e928a4f984e795e41e3abd27bfc09f51db16ab8ba1aebdba2b3a575437efafc2", [:mix], [{:makeup, "~> 1.0", [hex: :makeup, repo: "hexpm", optional: false]}, {:nimble_parsec, "~> 1.2.3 or ~> 1.3", [hex: :nimble_parsec, repo: "hexpm", optional: false]}], "hexpm", "7284900d412a3e5cfd97fdaed4f5ed389b8f2b4cb49efc0eb3bd10e2febf9507"},
  "makeup_html": {:hex, :makeup_html, "0.2.0", "9f810da8d43d625ccd3f7ea25997e588fa541d80e0a8c6b895157ad5c7e9ca13", [:mix], [{:makeup, "~> 1.2", [hex: :makeup, repo: "hexpm", optional: false]}], "hexpm", "0856f7beb9a6a642ab1307e06d990fe39f0ba58690d0b8e662aa2e027ba331b2"},
  "makeup_js": {:hex, :makeup_js, "0.1.0", "ffa8ce9db95d14dcd09045334539d5992d540d63598c592d4805b7674bdd6675", [:mix], [{:makeup, "~> 1.0", [hex: :makeup, repo: "hexpm", optional: false]}], "hexpm", "3f0c1a5eb52c9737b1679c926574e83bb260ccdedf08b58ee96cca7c685dea75"},
  "makeup_syntect": {:hex, :makeup_syntect, "0.1.4", "e1230c9e0513c667b226b21c83eb182e1ab581f65af9441edab1f9ac626acba6", [:mix], [{:makeup, "~> 1.2", [hex: :makeup, repo: "hexpm", optional: false]}, {:rustler, "~> 0.37.1", [hex: :rustler, repo: "hexpm", optional: true]}, {:rustler_precompiled, "~> 0.8.2", [hex: :rustler_precompiled, repo: "hexpm", optional: false]}], "hexpm", "5b624a434d9665786b9a352a5f3502b6c98e1996ede9936b20035ec140daef70"},
  "mdex": {:hex, :mdex, "0.11.7", "583b35c7160c4e26deab6233f967669d51de6f8b5f7b605adc55037abf7a20d2", [:mix], [{:jason, "~> 1.0", [hex: :jason, repo: "hexpm", optional: false]}, {:lumis, "~> 0.1", [hex: :lumis, repo: "hexpm", optional: false]}, {:nimble_options, "~> 1.0", [hex: :nimble_options, repo: "hexpm", optional: false]}, {:nimble_parsec, "~> 1.0", [hex: :nimble_parsec, repo: "hexpm", optional: false]}, {:phoenix_live_view, "~> 1.0", [hex: :phoenix_live_view, repo: "hexpm", optional: true]}, {:rustler, "~> 0.32", [hex: :rustler, repo: "hexpm", optional: true]}, {:rustler_precompiled, "~> 0.7", [hex: :rustler_precompiled, repo: "hexpm", optional: false]}], "hexpm", "6dac3deb3ecb1a0a5ac9f383c9c57e46510b0a519e6fb21883d9ead34d0e4ffd"},
  "metrics": {:hex, :metrics, "1.0.1", "25f094dea2cda98213cecc3aeff09e940299d950904393b2a29d191c346a8486", [:rebar3], [], "hexpm", "69b09adddc4f74a40716ae54d140f93beb0fb8978d8636eaded0c31b6f099f16"},
  "mime": {:hex, :mime, "2.0.7", "b8d739037be7cd402aee1ba0306edfdef982687ee7e9859bee6198c1e7e2f128", [:mix], [], "hexpm", "6171188e399ee16023ffc5b76ce445eb6d9672e2e241d2df6050f3c771e80ccd"},
  "mimerl": {:hex, :mimerl, "1.5.0", "f35aca6f23242339b3666e0ac0702379e362b469d0aea167f6cc713547e777ed", [:rebar3], [], "hexpm", "db648ce065bae14ea84ca8b5dd123f42f49417cef693541110bf6f9e9be9ecc4"},
  "mint": {:hex, :mint, "1.9.3", "3337184d69179695c7a9f1714d92c11e629d36c8c037a21cf490131d3d150554", [:mix], [{:castore, "~> 0.1.0 or ~> 1.0", [hex: :castore, repo: "hexpm", optional: true]}, {:hpax, "~> 0.1.1 or ~> 0.2.0 or ~> 1.0", [hex: :hpax, repo: "hexpm", optional: false]}], "hexpm", "5f7c9342480c069dbbc4eeac3490303c9e01870ff01a7f1d29b6107054fc1e74"},
  "nimble_options": {:hex, :nimble_options, "1.1.1", "e3a492d54d85fc3fd7c5baf411d9d2852922f66e69476317787a7b2bb000a61b", [:mix], [], "hexpm", "821b2470ca9442c4b6984882fe9bb0389371b8ddec4d45a9504f00a66f650b44"},
  "nimble_parsec": {:hex, :nimble_parsec, "1.4.2", "8efba0122db06df95bfaa78f791344a89352ba04baedd3849593bfce4d0dc1c6", [:mix], [], "hexpm", "4b21398942dda052b403bbe1da991ccd03a053668d147d53fb8c4e0efe09c973"},
  "nimble_pool": {:hex, :nimble_pool, "1.1.0", "bf9c29fbdcba3564a8b800d1eeb5a3c58f36e1e11d7b7fb2e084a643f645f06b", [:mix], [], "hexpm", "af2e4e6b34197db81f7aad230c1118eac993acc0dae6bc83bac0126d4ae0813a"},
  "owl": {:hex, :owl, "0.13.1", "1ec4a5dea170465f0e90c502c203079224516bc0cbd599281c8667b3c6ef8848", [:mix], [{:ucwidth, "~> 0.2", [hex: :ucwidth, repo: "hexpm", optional: true]}], "hexpm", "351e768af8f2edc575cdaab1a5a2f6d6381be591758a026c701c703145508a0c"},
  "parse_trans": {:hex, :parse_trans, "3.4.2", "c352ddc1a0d5e54f9b1654d45f9c432eef76f9cea371c55ddff769ef688fdb74", [:rebar3], [], "hexpm", "4c25347de3b7c35732d32e69ab43d1ceee0beae3f3b3ade1b59cbd3dd224d9ca"},
  "phoenix": {:hex, :phoenix, "1.8.13", "e33192826d9bed4022bdb3f5a7b36c04362049d9390fd1b581d5ad6261779268", [:mix], [{:bandit, "~> 1.0", [hex: :bandit, repo: "hexpm", optional: true]}, {:jason, "~> 1.0", [hex: :jason, repo: "hexpm", optional: true]}, {:phoenix_pubsub, "~> 2.1", [hex: :phoenix_pubsub, repo: "hexpm", optional: false]}, {:phoenix_template, "~> 1.0", [hex: :phoenix_template, repo: "hexpm", optional: false]}, {:phoenix_view, "~> 2.0", [hex: :phoenix_view, repo: "hexpm", optional: true]}, {:plug, "~> 1.14", [hex: :plug, repo: "hexpm", optional: false]}, {:plug_cowboy, "~> 2.7", [hex: :plug_cowboy, repo: "hexpm", optional: true]}, {:plug_crypto, "~> 2.2", [hex: :plug_crypto, repo: "hexpm", optional: false]}, {:telemetry, "~> 0.4 or ~> 1.0", [hex: :telemetry, repo: "hexpm", optional: false]}, {:websock_adapter, "~> 0.5", [hex: :websock_adapter, repo: "hexpm", optional: false]}], "hexpm", "ad14e24d10e5a52d5f80429053bbe3a5d124311a2868fceb0a01a2e859c44539"},
  "phoenix_html": {:hex, :phoenix_html, "4.3.0", "d3577a5df4b6954cd7890c84d955c470b5310bb49647f0a114a6eeecc850f7ad", [:mix], [], "hexpm", "3eaa290a78bab0f075f791a46a981bbe769d94bc776869f4f3063a14f30497ad"},
  "phoenix_live_view": {:hex, :phoenix_live_view, "1.2.10", "eb4958045f71d4962373e9ed5967b592375a9dafc73f52997f3996759998a39d", [:mix], [{:igniter, ">= 0.6.16 and < 1.0.0-0", [hex: :igniter, repo: "hexpm", optional: true]}, {:jason, "~> 1.0", [hex: :jason, repo: "hexpm", optional: true]}, {:lazy_html, "~> 0.1.0", [hex: :lazy_html, repo: "hexpm", optional: true]}, {:phoenix, "~> 1.6.15 or ~> 1.7.0 or ~> 1.8.0", [hex: :phoenix, repo: "hexpm", optional: false]}, {:phoenix_html, "~> 3.3 or ~> 4.0", [hex: :phoenix_html, repo: "hexpm", optional: false]}, {:phoenix_template, "~> 1.0", [hex: :phoenix_template, repo: "hexpm", optional: false]}, {:phoenix_view, "~> 2.0", [hex: :phoenix_view, repo: "hexpm", optional: true]}, {:plug, "~> 1.15", [hex: :plug, repo: "hexpm", optional: false]}, {:telemetry, "~> 0.4.2 or ~> 1.0", [hex: :telemetry, repo: "hexpm", optional: false]}], "hexpm", "bcf9d64846b770bc64b1a58dc40af406d80eb61b6e516f7aea4cc8cc15e0a1d9"},
  "phoenix_pubsub": {:hex, :phoenix_pubsub, "2.3.0", "03916bfbc31a5121945b3cfffe5aec647a5c97fe1dc172a319b94428562359c9", [:mix], [], "hexpm", "eec7be6e9cf02e2551d389b558402d6c637cd3973796326e7ba4bb03c6b2e91d"},
  "phoenix_template": {:hex, :phoenix_template, "1.0.4", "e2092c132f3b5e5b2d49c96695342eb36d0ed514c5b252a77048d5969330d639", [:mix], [{:phoenix_html, "~> 2.14.2 or ~> 3.0 or ~> 4.0", [hex: :phoenix_html, repo: "hexpm", optional: true]}], "hexpm", "2c0c81f0e5c6753faf5cca2f229c9709919aba34fab866d3bc05060c9c444206"},
  "plug": {:hex, :plug, "1.20.3", "56c480c633ec2ce10140e236e15233bf576e1d323887d7c96711bd02ab5160db", [:mix], [{:mime, "~> 1.0 or ~> 2.0", [hex: :mime, repo: "hexpm", optional: false]}, {:plug_crypto, "~> 1.1.1 or ~> 1.2 or ~> 2.0", [hex: :plug_crypto, repo: "hexpm", optional: false]}, {:telemetry, "~> 0.4.3 or ~> 1.0", [hex: :telemetry, repo: "hexpm", optional: false]}], "hexpm", "be266aee1b8536ef6409d58cf39a3121319f0ec47cfa1b24024485aa0e76ad76"},
  "plug_crypto": {:hex, :plug_crypto, "2.2.0", "144014737daaf485407f5ed77daeaad74d651b216a28c87543f8cc7043f8efc8", [:mix], [], "hexpm", "83a95744ab1c75876542b6fab135fcc176280e0f301a111c1f757fddcec95d2c"},
  "quic": {:hex, :quic, "1.7.1", "1ac5331739e17928a797d5ff103629a9faa91167481c326d7043b323e3bdc3b1", [:rebar3], [], "hexpm", "9b85784f1d78f5c3adfee5f52c3448cac3b03f5f0403d5dc782231c3d3ad709d"},
  "req": {:hex, :req, "0.7.3", "b141f1b465dabc5fb8ce67bd2f15a85fc80f6c75719910699560e32ce49f62ef", [:mix], [{:brotli, "~> 0.3.1", [hex: :brotli, repo: "hexpm", optional: true]}, {:finch, "~> 0.21", [hex: :finch, repo: "hexpm", optional: false]}, {:jason, "~> 1.0", [hex: :jason, repo: "hexpm", optional: false]}, {:mime, "~> 2.0.6 or ~> 2.1", [hex: :mime, repo: "hexpm", optional: false]}, {:nimble_csv, "~> 1.0", [hex: :nimble_csv, repo: "hexpm", optional: true]}, {:plug, "~> 1.0", [hex: :plug, repo: "hexpm", optional: true]}], "hexpm", "73b303030dccc2b6d023ee5ada380825ab3a7cd3863aead493db09ec420ffdf2"},
  "rewrite": {:hex, :rewrite, "1.3.0", "67448ba7975690b35ba7e7f35717efcce317dbd5963cb0577aa7325c1923121a", [:mix], [{:glob_ex, "~> 0.1", [hex: :glob_ex, repo: "hexpm", optional: false]}, {:sourceror, "~> 1.0", [hex: :sourceror, repo: "hexpm", optional: false]}, {:text_diff, "~> 0.1", [hex: :text_diff, repo: "hexpm", optional: false]}], "hexpm", "d111ac7ff3a58a802ef4f193bbd1831e00a9c57b33276e5068e8390a212714a5"},
  "rustler_precompiled": {:hex, :rustler_precompiled, "0.9.0", "3a052eda09f3d2436364645cc1f13279cf95db310eb0c17b0d8f25484b233aa0", [:mix], [{:rustler, "~> 0.23", [hex: :rustler, repo: "hexpm", optional: true]}], "hexpm", "471d97315bd3bf7b64623418b3693eedd8e47de3d1cb79a0ac8f9da7d770d94c"},
  "schematic": {:hex, :schematic, "0.5.2", "07b666b971b780bcfbae7a5032945886dc9fb7e31834d7438c6e572ef80c2866", [:mix], [{:telemetry, "~> 0.4 or ~> 1.0", [hex: :telemetry, repo: "hexpm", optional: false]}], "hexpm", "cef597a88260823a806c106071213bd85670b855007cd70e21284a716fe44348"},
  "slugify": {:hex, :slugify, "1.3.1", "0d3b8b7e5c1eeaa960e44dce94382bee34a39b3ea239293e457a9c5b47cc6fd3", [:mix], [], "hexpm", "cb090bbeb056b312da3125e681d98933a360a70d327820e4b7f91645c4d8be76"},
  "sourceror": {:hex, :sourceror, "1.12.2", "85bfd48159f020c0cbfc72f289f11456fdc05dc43719b6f2589fb969faefa113", [:mix], [], "hexpm", "da37d3da09c5b890528802c7056a8f585a061973820d7656b6e3649c14f0e9cb"},
  "spitfire": {:hex, :spitfire, "0.4.0", "6d98c10cf585434b9439ba0c6dd3cc7aeff0e06ab73bfe5488f42e7c0f883d9b", [:mix], [], "hexpm", "7e5c6d1523c111b59f332f9dc49edc0377111d0c17167a29830f0e98233f5472"},
  "ssl_verify_fun": {:hex, :ssl_verify_fun, "1.1.7", "354c321cf377240c7b8716899e182ce4890c5938111a1296add3ec74cf1715df", [:make, :mix, :rebar3], [], "hexpm", "fe4c190e8f37401d30167c8c405eda19469f34577987c76dde613e838bbc67f8"},
  "tableau": {:hex, :tableau, "0.30.0", "12b507e6c517b4e87be469edf466fe542a36c6cda57b0f5607a12ae123a7f8e6", [:mix], [{:bandit, "~> 1.0", [hex: :bandit, repo: "hexpm", optional: false]}, {:date_time_parser, "~> 1.2", [hex: :date_time_parser, repo: "hexpm", optional: false]}, {:html_entities, "~> 0.5.2", [hex: :html_entities, repo: "hexpm", optional: false]}, {:libgraph, "~> 0.16.0", [hex: :libgraph, repo: "hexpm", optional: false]}, {:mdex, "~> 0.11.1", [hex: :mdex, repo: "hexpm", optional: false]}, {:schematic, "~> 0.5.1", [hex: :schematic, repo: "hexpm", optional: false]}, {:slugify, "~> 1.3", [hex: :slugify, repo: "hexpm", optional: false]}, {:tz, "~> 0.28.1", [hex: :tz, repo: "hexpm", optional: false]}, {:web_dev_utils, "~> 0.3", [hex: :web_dev_utils, repo: "hexpm", optional: false]}, {:websock_adapter, "~> 0.5", [hex: :websock_adapter, repo: "hexpm", optional: false]}, {:yaml_elixir, "~> 2.9", [hex: :yaml_elixir, repo: "hexpm", optional: false]}], "hexpm", "4534c5b74a7702bd64a4015d59bbd40cfc55da022d49afaeaca0ab76b84db42e"},
  "tailwind": {:hex, :tailwind, "0.5.1", "35435b13158c90d37da11e1cfc808755fca1d7b6c5ab87b1b19c5de87e2f0a10", [:mix], [], "hexpm", "c4e26302a59fec72abc5610ecb6ad2116d9aa31f31aab2d4b8eb6e95d25a689c"},
  "telemetry": {:hex, :telemetry, "1.4.2", "a0cb522801dffb1c49fe6e30561badffc7b6d0e180db1300df759faa22062855", [:rebar3], [], "hexpm", "928f6495066506077862c0d1646609eed891a4326bee3126ba54b60af61febb1"},
  "tesla": {:hex, :tesla, "1.21.0", "de3dc7b0ddbbd72a2fdab02decc977c0fa910aa04cbfb92aaca5e93a839ad2a5", [:mix], [{:castore, "~> 0.1 or ~> 1.0", [hex: :castore, repo: "hexpm", optional: true]}, {:finch, "~> 0.13", [hex: :finch, repo: "hexpm", optional: true]}, {:fuse, "~> 2.4", [hex: :fuse, repo: "hexpm", optional: true]}, {:gun, ">= 1.0.0", [hex: :gun, repo: "hexpm", optional: true]}, {:hackney, "~> 1.21 or >= 4.0.2 and < 5.0.0-0", [hex: :hackney, repo: "hexpm", optional: true]}, {:ibrowse, "4.4.2", [hex: :ibrowse, repo: "hexpm", optional: true]}, {:jason, ">= 1.0.0", [hex: :jason, repo: "hexpm", optional: true]}, {:mime, "~> 1.0 or ~> 2.0", [hex: :mime, repo: "hexpm", optional: false]}, {:mint, "~> 1.0", [hex: :mint, repo: "hexpm", optional: true]}, {:mox, "~> 1.0", [hex: :mox, repo: "hexpm", optional: true]}, {:msgpax, "~> 2.3", [hex: :msgpax, repo: "hexpm", optional: true]}, {:opentelemetry_semantic_conventions, "~> 1.27", [hex: :opentelemetry_semantic_conventions, repo: "hexpm", optional: true]}, {:poison, ">= 1.0.0", [hex: :poison, repo: "hexpm", optional: true]}, {:telemetry, "~> 0.4 or ~> 1.0", [hex: :telemetry, repo: "hexpm", optional: true]}], "hexpm", "1a0b8c9a7c3676beafd33db5e13f5e486af936c1a9a9f56b037e7861d916d333"},
  "text_diff": {:hex, :text_diff, "0.1.0", "1caf3175e11a53a9a139bc9339bd607c47b9e376b073d4571c031913317fecaa", [:mix], [], "hexpm", "d1ffaaecab338e49357b6daa82e435f877e0649041ace7755583a0ea3362dbd7"},
  "thousand_island": {:hex, :thousand_island, "1.5.0", "f50a213cac97262b6d5ebb85745aa2c00fec1413191e6e66834788d45425cecb", [:mix], [{:telemetry, "~> 0.4 or ~> 1.0", [hex: :telemetry, repo: "hexpm", optional: false]}], "hexpm", "708923d40523e43cf99041ab37a0d4b0ec426ac6438fa3716ab23d919eaeb412"},
  "tz": {:hex, :tz, "0.28.2", "6c47f3d1a8ee5c33a1d8f0ba49e5a851b0a30c408a587d907aff6e71228b3b32", [:mix], [{:castore, "~> 0.1 or ~> 1.0", [hex: :castore, repo: "hexpm", optional: true]}, {:mint, "~> 1.6", [hex: :mint, repo: "hexpm", optional: true]}], "hexpm", "a6bf7355a33f0a7511602ab4566432ac0901d8abff81e94e455bca19708a0c87"},
  "unicode_util_compat": {:hex, :unicode_util_compat, "0.7.1", "a48703a25c170eedadca83b11e88985af08d35f37c6f664d6dcfb106a97782fc", [:rebar3], [], "hexpm", "b3a917854ce3ae233619744ad1e0102e05673136776fb2fa76234f3e03b23642"},
  "usage_rules": {:hex, :usage_rules, "1.2.7", "aaacfc9eda3b33d37703ed2321f32ad89845282513168f8592a1826eeabf50a7", [:mix], [{:igniter, ">= 0.6.6 and < 1.0.0-0", [hex: :igniter, repo: "hexpm", optional: false]}, {:jason, "~> 1.0", [hex: :jason, repo: "hexpm", optional: false]}, {:req, "~> 0.5", [hex: :req, repo: "hexpm", optional: false]}], "hexpm", "8601999d754974f361f1fd816f0747dd7ea39aa04b1bf6244d158a9616be204e"},
  "wallaby": {:hex, :wallaby, "0.31.0", "fb8a7d1f0bb31d94a951c1b642d37805190ae47bd9c4904c5fb0564bfbc91ca9", [:mix], [{:ecto_sql, ">= 3.0.0", [hex: :ecto_sql, repo: "hexpm", optional: true]}, {:httpoison, "~> 0.12 or ~> 1.0 or ~> 2.0 or ~> 3.0", [hex: :httpoison, repo: "hexpm", optional: false]}, {:jason, "~> 1.1", [hex: :jason, repo: "hexpm", optional: false]}, {:phoenix_ecto, ">= 3.0.0", [hex: :phoenix_ecto, repo: "hexpm", optional: true]}, {:web_driver_client, "~> 0.3.0", [hex: :web_driver_client, repo: "hexpm", optional: false]}], "hexpm", "a3e7a5f13c1db49d32c17dafe8d4654fe556987efd12d422673b902455871c50"},
  "web_dev_utils": {:hex, :web_dev_utils, "0.3.0", "463f3695dcdee9a6f18dbc783ee76f0ecdd1c9a489a6482aadcf166b3e5fee12", [:mix], [{:file_system, "~> 1.0", [hex: :file_system, repo: "hexpm", optional: false]}], "hexpm", "c239d4d24bfc61110a98b7d75bb7bbbb1752a5d8fcb5a2d369c5d4f64d1d7aec"},
  "web_driver_client": {:hex, :web_driver_client, "0.3.0", "25c53ffdeb779ff933c7cc145b71229662421078c10dbc43b3afab846e65366c", [:mix], [{:hackney, "~> 1.6 or ~> 4.0", [hex: :hackney, repo: "hexpm", optional: false]}, {:jason, "~> 1.0", [hex: :jason, repo: "hexpm", optional: false]}, {:tesla, "~> 1.3", [hex: :tesla, repo: "hexpm", optional: false]}], "hexpm", "f89a43505b4fa5e1d5dc50818980a4d2703e390dca29fa0ad39911b0eb46b65a"},
  "websock": {:hex, :websock, "0.5.3", "2f69a6ebe810328555b6fe5c831a851f485e303a7c8ce6c5f675abeb20ebdadc", [:mix], [], "hexpm", "6105453d7fac22c712ad66fab1d45abdf049868f253cf719b625151460b8b453"},
  "websock_adapter": {:hex, :websock_adapter, "0.6.0", "73db5ab8aaefd1a876a97ce3e6afc96562625de69ef17a4e04426e034849d0b8", [:mix], [{:bandit, ">= 0.6.0", [hex: :bandit, repo: "hexpm", optional: true]}, {:plug, "~> 1.14", [hex: :plug, repo: "hexpm", optional: false]}, {:plug_cowboy, "~> 2.6", [hex: :plug_cowboy, repo: "hexpm", optional: true]}, {:websock, "~> 0.5", [hex: :websock, repo: "hexpm", optional: false]}], "hexpm", "50021a85bce8f203b086705d9e0c5415e2c7eb05d319111b0428fe71f9934617"},
  "webtransport": {:hex, :webtransport, "0.4.3", "df0c53da138cdc5f3390a31ef612caa3a041c23e18c1a0b6fbd4d72743277806", [:rebar3], [{:h2, "~> 0.10.4", [hex: :h2, repo: "hexpm", optional: false]}, {:quic, "~> 1.7.0", [hex: :quic, repo: "hexpm", optional: false]}], "hexpm", "3ae8c76696cdb56bee3caf1dd853a0a596339886468ca17c578a9bfd647dab9d"},
  "yamerl": {:hex, :yamerl, "0.10.0", "4ff81fee2f1f6a46f1700c0d880b24d193ddb74bd14ef42cb0bcf46e81ef2f8e", [:rebar3], [], "hexpm", "346adb2963f1051dc837a2364e4acf6eb7d80097c0f53cbdc3046ec8ec4b4e6e"},
  "yaml_elixir": {:hex, :yaml_elixir, "2.12.2", "9dd1330fb4cd9a36a7b0f502e5b12486eff632792ee4a5f0eba52a4d4ec32c9c", [:mix], [{:yamerl, "~> 0.10", [hex: :yamerl, repo: "hexpm", optional: false]}], "hexpm", "e7c1b10122f973e6558462d51c39026ba0e14afbc6745318e990ea82cfe9e159"},
}
